lockfileVersion: "9.0"

settings:
  autoInstallPeers: true
  excludeLinksFromLockfile: false

importers:
  .:
    dependencies:
      commander:
        specifier: 12.1.0
        version: 12.1.0
      prettier:
        specifier: 3.3.3
        version: 3.3.3
    devDependencies:
      "@nestjs/common":
        specifier: 10.4.3
        version: 10.4.3(reflect-metadata@0.2.2)(rxjs@7.8.1)
      "@types/node":
        specifier: 22.5.5
        version: 22.5.5

packages:
  "@lukeed/csprng@1.1.0":
    resolution:
      {
        integrity: sha512-Z7C/xXCiGWsg0KuKsHTKJxbWhpI3Vs5GwLfOean7MGyVFGqdRgBbAjOCh6u4bbjPc/8MJ2pZmK/0DLdCbivLDA==,
      }
    engines: { node: ">=8" }

  "@nestjs/common@10.4.3":
    resolution:
      {
        integrity: sha512-4hbLd3XIJubHSylYd/1WSi4VQvG68KM/ECYpMDqA3k3J1/T17SAg40sDoq3ZoO5OZgU0xuNyjuISdOTjs11qVg==,
      }
    peerDependencies:
      class-transformer: "*"
      class-validator: "*"
      reflect-metadata: ^0.1.12 || ^0.2.0
      rxjs: ^7.1.0
    peerDependenciesMeta:
      class-transformer:
        optional: true
      class-validator:
        optional: true

  "@types/node@22.5.5":
    resolution:
      {
        integrity: sha512-Xjs4y5UPO/CLdzpgR6GirZJx36yScjh73+2NlLlkFRSoQN8B0DpfXPdZGnvVmLRLOsqDpOfTNv7D9trgGhmOIA==,
      }

  commander@12.1.0:
    resolution:
      {
        integrity: sha512-Vw8qHK3bZM9y/P10u3Vib8o/DdkvA2OtPtZvD871QKjy74Wj1WSKFILMPRPSdUSx5RFK1arlJzEtA4PkFgnbuA==,
      }
    engines: { node: ">=18" }

  iterare@1.2.1:
    resolution:
      {
        integrity: sha512-RKYVTCjAnRthyJes037NX/IiqeidgN1xc3j1RjFfECFp28A1GVwK9nA+i0rJPaHqSZwygLzRnFlzUuHFoWWy+Q==,
      }
    engines: { node: ">=6" }

  prettier@3.3.3:
    resolution:
      {
        integrity: sha512-i2tDNA0O5IrMO757lfrdQZCc2jPNDVntV0m/+4whiDfWaTKfMNgR7Qz0NAeGz/nRqF4m5/6CLzbP4/liHt12Ew==,
      }
    engines: { node: ">=14" }
    hasBin: true

  reflect-metadata@0.2.2:
    resolution:
      {
        integrity: sha512-urBwgfrvVP/eAyXx4hluJivBKzuEbSQs9rKWCrCkbSxNv8mxPcUZKeuoF3Uy4mJl3Lwprp6yy5/39VWigZ4K6Q==,
      }

  rxjs@7.8.1:
    resolution:
      {
        integrity: sha512-AA3TVj+0A2iuIoQkWEK/tqFjBq2j+6PO6Y0zJcvzLAFhEFIO3HL0vls9hWLncZbAAbK0mar7oZ4V079I/qPMxg==,
      }

  tslib@2.7.0:
    resolution:
      {
        integrity: sha512-gLXCKdN1/j47AiHiOkJN69hJmcbGTHI0ImLmbYLHykhgeN0jVGola9yVjFgzCUklsZQMW55o+dW7IXv3RCXDzA==,
      }

  uid@2.0.2:
    resolution:
      {
        integrity: sha512-u3xV3X7uzvi5b1MncmZo3i2Aw222Zk1keqLA1YkHldREkAhAqi65wuPfe7lHx8H/Wzy+8CE7S7uS3jekIM5s8g==,
      }
    engines: { node: ">=8" }

  undici-types@6.19.8:
    resolution:
      {
        integrity: sha512-ve2KP6f/JnbPBFyobGHuerC9g1FYGn/F8n1LWTwNxCEzd6IfqTwUQcNXgEtmmQ6DlRrC1hrSrBnCZPokRrDHjw==,
      }

snapshots:
  "@lukeed/csprng@1.1.0": {}

  "@nestjs/common@10.4.3(reflect-metadata@0.2.2)(rxjs@7.8.1)":
    dependencies:
      iterare: 1.2.1
      reflect-metadata: 0.2.2
      rxjs: 7.8.1
      tslib: 2.7.0
      uid: 2.0.2

  "@types/node@22.5.5":
    dependencies:
      undici-types: 6.19.8

  commander@12.1.0: {}

  iterare@1.2.1: {}

  prettier@3.3.3: {}

  reflect-metadata@0.2.2: {}

  rxjs@7.8.1:
    dependencies:
      tslib: 2.7.0

  tslib@2.7.0: {}

  uid@2.0.2:
    dependencies:
      "@lukeed/csprng": 1.1.0

  undici-types@6.19.8: {}
